// !$*UTF8*$!
{
	archiveVersion = 1;
	classes = {
	};
	objectVersion = 51;
	objects = {

/* Begin PBXBuildFile section */
		10492E1461E9812958DCEF6A /* Pods_Anything.framework in Frameworks */ = {isa = PBXBuildFile; fileRef = 880CBC4CFCE87C336BE76628 /* Pods_Anything.framework */; };
		9C0AECE825725823009349AD /* MapViewController.swift in Sources */ = {isa = PBXBuildFile; fileRef = 9C0AECE725725823009349AD /* MapViewController.swift */; };
		9C0AECEA2572582C009349AD /* MapViewModel.swift in Sources */ = {isa = PBXBuildFile; fileRef = 9C0AECE92572582C009349AD /* MapViewModel.swift */; };
		9C2437BE255F5C8900EB9C38 /* BaseViewController.swift in Sources */ = {isa = PBXBuildFile; fileRef = 9C2437BD255F5C8900EB9C38 /* BaseViewController.swift */; };
		9C2437C0255F5E6600EB9C38 /* View.swift in Sources */ = {isa = PBXBuildFile; fileRef = 9C2437BF255F5E6600EB9C38 /* View.swift */; };
		9C2437C2255F5EBA00EB9C38 /* BaseViewModel.swift in Sources */ = {isa = PBXBuildFile; fileRef = 9C2437C1255F5EBA00EB9C38 /* BaseViewModel.swift */; };
		9C2437C5255F5F6000EB9C38 /* PresentableType.swift in Sources */ = {isa = PBXBuildFile; fileRef = 9C2437C4255F5F6000EB9C38 /* PresentableType.swift */; };
		9C2AF7292560DE4A007F3FAE /* AnythingAPI.swift in Sources */ = {isa = PBXBuildFile; fileRef = 9C2AF7282560DE4A007F3FAE /* AnythingAPI.swift */; };
		9C2AF72F2560DE6E007F3FAE /* Logger.swift in Sources */ = {isa = PBXBuildFile; fileRef = 9C2AF72B2560DE6E007F3FAE /* Logger.swift */; };
		9C2AF7302560DE6E007F3FAE /* NetworkService.swift in Sources */ = {isa = PBXBuildFile; fileRef = 9C2AF72C2560DE6E007F3FAE /* NetworkService.swift */; };
		9C2AF7312560DE6E007F3FAE /* ServiceProvider.swift in Sources */ = {isa = PBXBuildFile; fileRef = 9C2AF72D2560DE6E007F3FAE /* ServiceProvider.swift */; };
		9C2AF7322560DE6E007F3FAE /* BaseService.swift in Sources */ = {isa = PBXBuildFile; fileRef = 9C2AF72E2560DE6E007F3FAE /* BaseService.swift */; };
		9C2AF7352560DECA007F3FAE /* List.swift in Sources */ = {isa = PBXBuildFile; fileRef = 9C2AF7332560DECA007F3FAE /* List.swift */; };
		9C2AF7362560DECA007F3FAE /* Location.swift in Sources */ = {isa = PBXBuildFile; fileRef = 9C2AF7342560DECA007F3FAE /* Location.swift */; };
		9C2AF73D2560DF06007F3FAE /* Global.swift in Sources */ = {isa = PBXBuildFile; fileRef = 9C2AF7372560DF06007F3FAE /* Global.swift */; };
		9C2AF73E2560DF06007F3FAE /* UIFont+Custom.swift in Sources */ = {isa = PBXBuildFile; fileRef = 9C2AF7382560DF06007F3FAE /* UIFont+Custom.swift */; };
		9C2AF73F2560DF06007F3FAE /* UIView+Tap.swift in Sources */ = {isa = PBXBuildFile; fileRef = 9C2AF7392560DF06007F3FAE /* UIView+Tap.swift */; };
		9C2AF7402560DF06007F3FAE /* CALayer+SketchSahdow.swift in Sources */ = {isa = PBXBuildFile; fileRef = 9C2AF73A2560DF06007F3FAE /* CALayer+SketchSahdow.swift */; };
		9C2AF7412560DF06007F3FAE /* Array+Subscript.swift in Sources */ = {isa = PBXBuildFile; fileRef = 9C2AF73B2560DF06007F3FAE /* Array+Subscript.swift */; };
		9C2AF7422560DF06007F3FAE /* UIColor+Custom.swift in Sources */ = {isa = PBXBuildFile; fileRef = 9C2AF73C2560DF06007F3FAE /* UIColor+Custom.swift */; };
		9C2AF7452560DF44007F3FAE /* NavigationBar.swift in Sources */ = {isa = PBXBuildFile; fileRef = 9C2AF7432560DF44007F3FAE /* NavigationBar.swift */; };
		9C2AF7462560DF44007F3FAE /* CategoryView.swift in Sources */ = {isa = PBXBuildFile; fileRef = 9C2AF7442560DF44007F3FAE /* CategoryView.swift */; };
		9C2AF7482560DFCF007F3FAE /* MainViewModel.swift in Sources */ = {isa = PBXBuildFile; fileRef = 9C2AF7472560DFCF007F3FAE /* MainViewModel.swift */; };
		9C2AF74A2560E519007F3FAE /* Distance.swift in Sources */ = {isa = PBXBuildFile; fileRef = 9C2AF7492560E519007F3FAE /* Distance.swift */; };
		9C2AF74E2560ECEC007F3FAE /* LocationService.swift in Sources */ = {isa = PBXBuildFile; fileRef = 9C2AF74D2560ECEC007F3FAE /* LocationService.swift */; };
		9C31FE82256E8ABF0009AE9A /* DistanceCell.swift in Sources */ = {isa = PBXBuildFile; fileRef = 9C31FE80256E8ABC0009AE9A /* DistanceCell.swift */; };
		9C31FE83256E8ABF0009AE9A /* DistanceViewController.swift in Sources */ = {isa = PBXBuildFile; fileRef = 9C31FE81256E8ABE0009AE9A /* DistanceViewController.swift */; };
		9C6845D7255F6C72007D3433 /* UIView+SnapKit.swift in Sources */ = {isa = PBXBuildFile; fileRef = 9C6845D6255F6C72007D3433 /* UIView+SnapKit.swift */; };
		9C79B9B725767CC100A2B2EB /* ListLocationCell.swift in Sources */ = {isa = PBXBuildFile; fileRef = 9C79B9B625767CC100A2B2EB /* ListLocationCell.swift */; };
		9C79B9B9257686A000A2B2EB /* ListLocationViewModel.swift in Sources */ = {isa = PBXBuildFile; fileRef = 9C79B9B8257686A000A2B2EB /* ListLocationViewModel.swift */; };
		9C79B9BB2576943500A2B2EB /* UIScrollView+Paging.swift in Sources */ = {isa = PBXBuildFile; fileRef = 9C79B9BA2576943500A2B2EB /* UIScrollView+Paging.swift */; };
		9C8DCD3D2557DA8D001F8F56 /* Radians.swift in Sources */ = {isa = PBXBuildFile; fileRef = 9C8DCD3C2557DA8D001F8F56 /* Radians.swift */; };
		9C8DCD422557DB80001F8F56 /* Cubic.swift in Sources */ = {isa = PBXBuildFile; fileRef = 9C8DCD412557DB80001F8F56 /* Cubic.swift */; };
		9C8DCD482557DD18001F8F56 /* Category.swift in Sources */ = {isa = PBXBuildFile; fileRef = 9C8DCD472557DD18001F8F56 /* Category.swift */; };
		9C903992257393E200D74E99 /* ListViewController.swift in Sources */ = {isa = PBXBuildFile; fileRef = 9C903991257393E200D74E99 /* ListViewController.swift */; };
		9C903994257393EB00D74E99 /* ListViewModel.swift in Sources */ = {isa = PBXBuildFile; fileRef = 9C903993257393EB00D74E99 /* ListViewModel.swift */; };
		9C9039962573A19200D74E99 /* Detail.swift in Sources */ = {isa = PBXBuildFile; fileRef = 9C9039952573A19200D74E99 /* Detail.swift */; };
		9C95E3722543D2930028FDFD /* CircularView.swift in Sources */ = {isa = PBXBuildFile; fileRef = 9C95E3712543D2930028FDFD /* CircularView.swift */; };
		9C95E3752543D2DD0028FDFD /* ProModule.framework in Frameworks */ = {isa = PBXBuildFile; fileRef = 9C95E3742543D2DD0028FDFD /* ProModule.framework */; };
		9C95E3762543D2DD0028FDFD /* ProModule.framework in Embed Frameworks */ = {isa = PBXBuildFile; fileRef = 9C95E3742543D2DD0028FDFD /* ProModule.framework */; settings = {ATTRIBUTES = (CodeSignOnCopy, RemoveHeadersOnCopy, ); }; };
		9C9FEA21256A3DA10071DC86 /* SpinningViewController.swift in Sources */ = {isa = PBXBuildFile; fileRef = 9C9FEA20256A3DA10071DC86 /* SpinningViewController.swift */; };
		9C9FEA23256A3DF40071DC86 /* SpinningViewModel.swift in Sources */ = {isa = PBXBuildFile; fileRef = 9C9FEA22256A3DF40071DC86 /* SpinningViewModel.swift */; };
		9C9FEA25256A43520071DC86 /* RxSwift+Previous.swift in Sources */ = {isa = PBXBuildFile; fileRef = 9C9FEA24256A43520071DC86 /* RxSwift+Previous.swift */; };
		9CBCE9E2256A653100308C64 /* AppleSDGothicNeo.ttc in Resources */ = {isa = PBXBuildFile; fileRef = 9CBCE9E1256A653100308C64 /* AppleSDGothicNeo.ttc */; };
		9CBCE9E4256A655C00308C64 /* NSAttributedString.swift in Sources */ = {isa = PBXBuildFile; fileRef = 9CBCE9E3256A655C00308C64 /* NSAttributedString.swift */; };
		9CBCE9E7256A65C100308C64 /* CategoryViewController.swift in Sources */ = {isa = PBXBuildFile; fileRef = 9CBCE9E6256A65C100308C64 /* CategoryViewController.swift */; };
		9CBCE9EF256A69B900308C64 /* BaseTableViewCell.swift in Sources */ = {isa = PBXBuildFile; fileRef = 9CBCE9EE256A69B900308C64 /* BaseTableViewCell.swift */; };
		9CBCE9F3256A6D8400308C64 /* ResizableTableView.swift in Sources */ = {isa = PBXBuildFile; fileRef = 9CBCE9F2256A6D8400308C64 /* ResizableTableView.swift */; };
		9CBCEA02256A709A00308C64 /* Reusable+Rx.swift in Sources */ = {isa = PBXBuildFile; fileRef = 9CBCEA01256A709A00308C64 /* Reusable+Rx.swift */; };
		9CBCEA04256A716700308C64 /* PaddingLabel.swift in Sources */ = {isa = PBXBuildFile; fileRef = 9CBCEA03256A716700308C64 /* PaddingLabel.swift */; };
		9CBCEA06256A892800308C64 /* CategoryOptionCell.swift in Sources */ = {isa = PBXBuildFile; fileRef = 9CBCEA05256A892800308C64 /* CategoryOptionCell.swift */; };
		9CBCEA08256A897400308C64 /* CategoryViewModel.swift in Sources */ = {isa = PBXBuildFile; fileRef = 9CBCEA07256A897400308C64 /* CategoryViewModel.swift */; };
		9CE2A8282571ECBA00ACD7E5 /* AddressViewModel.swift in Sources */ = {isa = PBXBuildFile; fileRef = 9CE2A8262571ECBA00ACD7E5 /* AddressViewModel.swift */; };
		9CE2A8292571ECBA00ACD7E5 /* AddressViewController.swift in Sources */ = {isa = PBXBuildFile; fileRef = 9CE2A8272571ECBA00ACD7E5 /* AddressViewController.swift */; };
		9CE2A82B2571EE3200ACD7E5 /* AddressCell.swift in Sources */ = {isa = PBXBuildFile; fileRef = 9CE2A82A2571EE3200ACD7E5 /* AddressCell.swift */; };
		9CE8F4352542FF89008AD754 /* AppDelegate.swift in Sources */ = {isa = PBXBuildFile; fileRef = 9CE8F4342542FF89008AD754 /* AppDelegate.swift */; };
		9CE8F4372542FF89008AD754 /* SceneDelegate.swift in Sources */ = {isa = PBXBuildFile; fileRef = 9CE8F4362542FF89008AD754 /* SceneDelegate.swift */; };
		9CE8F4392542FF89008AD754 /* MainViewController.swift in Sources */ = {isa = PBXBuildFile; fileRef = 9CE8F4382542FF89008AD754 /* MainViewController.swift */; };
		9CE8F43E2542FF89008AD754 /* Assets.xcassets in Resources */ = {isa = PBXBuildFile; fileRef = 9CE8F43D2542FF89008AD754 /* Assets.xcassets */; };
		9CE8F4412542FF89008AD754 /* LaunchScreen.storyboard in Resources */ = {isa = PBXBuildFile; fileRef = 9CE8F43F2542FF89008AD754 /* LaunchScreen.storyboard */; };
/* End PBXBuildFile section */

/* Begin PBXCopyFilesBuildPhase section */
		9C95E3772543D2DD0028FDFD /* Embed Frameworks */ = {
			isa = PBXCopyFilesBuildPhase;
			buildActionMask = 2147483647;
			dstPath = "";
			dstSubfolderSpec = 10;
			files = (
				9C95E3762543D2DD0028FDFD /* ProModule.framework in Embed Frameworks */,
			);
			name = "Embed Frameworks";
			runOnlyForDeploymentPostprocessing = 0;
		};
/* End PBXCopyFilesBuildPhase section */

/* Begin PBXFileReference section */
		5FA990465A21655122445307 /* Pods-Anything.debug.xcconfig */ = {isa = PBXFileReference; includeInIndex = 1; lastKnownFileType = text.xcconfig; name = "Pods-Anything.debug.xcconfig"; path = "Target Support Files/Pods-Anything/Pods-Anything.debug.xcconfig"; sourceTree = "<group>"; };
		686467D99D5310B73482D4CD /* Pods-Anything.release.xcconfig */ = {isa = PBXFileReference; includeInIndex = 1; lastKnownFileType = text.xcconfig; name = "Pods-Anything.release.xcconfig"; path = "Target Support Files/Pods-Anything/Pods-Anything.release.xcconfig"; sourceTree = "<group>"; };
		880CBC4CFCE87C336BE76628 /* Pods_Anything.framework */ = {isa = PBXFileReference; explicitFileType = wrapper.framework; includeInIndex = 0; path = Pods_Anything.framework; sourceTree = BUILT_PRODUCTS_DIR; };
		9C0AECE725725823009349AD /* MapViewController.swift */ = {isa = PBXFileReference; lastKnownFileType = sourcecode.swift; path = MapViewController.swift; sourceTree = "<group>"; };
		9C0AECE92572582C009349AD /* MapViewModel.swift */ = {isa = PBXFileReference; lastKnownFileType = sourcecode.swift; path = MapViewModel.swift; sourceTree = "<group>"; };
		9C2437BD255F5C8900EB9C38 /* BaseViewController.swift */ = {isa = PBXFileReference; fileEncoding = 4; lastKnownFileType = sourcecode.swift; path = BaseViewController.swift; sourceTree = "<group>"; };
		9C2437BF255F5E6600EB9C38 /* View.swift */ = {isa = PBXFileReference; fileEncoding = 4; lastKnownFileType = sourcecode.swift; path = View.swift; sourceTree = "<group>"; };
		9C2437C1255F5EBA00EB9C38 /* BaseViewModel.swift */ = {isa = PBXFileReference; fileEncoding = 4; lastKnownFileType = sourcecode.swift; path = BaseViewModel.swift; sourceTree = "<group>"; };
		9C2437C4255F5F6000EB9C38 /* PresentableType.swift */ = {isa = PBXFileReference; lastKnownFileType = sourcecode.swift; path = PresentableType.swift; sourceTree = "<group>"; };
		9C2AF7282560DE4A007F3FAE /* AnythingAPI.swift */ = {isa = PBXFileReference; fileEncoding = 4; lastKnownFileType = sourcecode.swift; path = AnythingAPI.swift; sourceTree = "<group>"; };
		9C2AF72B2560DE6E007F3FAE /* Logger.swift */ = {isa = PBXFileReference; fileEncoding = 4; lastKnownFileType = sourcecode.swift; path = Logger.swift; sourceTree = "<group>"; };
		9C2AF72C2560DE6E007F3FAE /* NetworkService.swift */ = {isa = PBXFileReference; fileEncoding = 4; lastKnownFileType = sourcecode.swift; path = NetworkService.swift; sourceTree = "<group>"; };
		9C2AF72D2560DE6E007F3FAE /* ServiceProvider.swift */ = {isa = PBXFileReference; fileEncoding = 4; lastKnownFileType = sourcecode.swift; path = ServiceProvider.swift; sourceTree = "<group>"; };
		9C2AF72E2560DE6E007F3FAE /* BaseService.swift */ = {isa = PBXFileReference; fileEncoding = 4; lastKnownFileType = sourcecode.swift; path = BaseService.swift; sourceTree = "<group>"; };
		9C2AF7332560DECA007F3FAE /* List.swift */ = {isa = PBXFileReference; fileEncoding = 4; lastKnownFileType = sourcecode.swift; path = List.swift; sourceTree = "<group>"; };
		9C2AF7342560DECA007F3FAE /* Location.swift */ = {isa = PBXFileReference; fileEncoding = 4; lastKnownFileType = sourcecode.swift; path = Location.swift; sourceTree = "<group>"; };
		9C2AF7372560DF06007F3FAE /* Global.swift */ = {isa = PBXFileReference; fileEncoding = 4; lastKnownFileType = sourcecode.swift; path = Global.swift; sourceTree = "<group>"; };
		9C2AF7382560DF06007F3FAE /* UIFont+Custom.swift */ = {isa = PBXFileReference; fileEncoding = 4; lastKnownFileType = sourcecode.swift; path = "UIFont+Custom.swift"; sourceTree = "<group>"; };
		9C2AF7392560DF06007F3FAE /* UIView+Tap.swift */ = {isa = PBXFileReference; fileEncoding = 4; lastKnownFileType = sourcecode.swift; path = "UIView+Tap.swift"; sourceTree = "<group>"; };
		9C2AF73A2560DF06007F3FAE /* CALayer+SketchSahdow.swift */ = {isa = PBXFileReference; fileEncoding = 4; lastKnownFileType = sourcecode.swift; path = "CALayer+SketchSahdow.swift"; sourceTree = "<group>"; };
		9C2AF73B2560DF06007F3FAE /* Array+Subscript.swift */ = {isa = PBXFileReference; fileEncoding = 4; lastKnownFileType = sourcecode.swift; path = "Array+Subscript.swift"; sourceTree = "<group>"; };
		9C2AF73C2560DF06007F3FAE /* UIColor+Custom.swift */ = {isa = PBXFileReference; fileEncoding = 4; lastKnownFileType = sourcecode.swift; path = "UIColor+Custom.swift"; sourceTree = "<group>"; };
		9C2AF7432560DF44007F3FAE /* NavigationBar.swift */ = {isa = PBXFileReference; fileEncoding = 4; lastKnownFileType = sourcecode.swift; path = NavigationBar.swift; sourceTree = "<group>"; };
		9C2AF7442560DF44007F3FAE /* CategoryView.swift */ = {isa = PBXFileReference; fileEncoding = 4; lastKnownFileType = sourcecode.swift; path = CategoryView.swift; sourceTree = "<group>"; };
		9C2AF7472560DFCF007F3FAE /* MainViewModel.swift */ = {isa = PBXFileReference; fileEncoding = 4; lastKnownFileType = sourcecode.swift; path = MainViewModel.swift; sourceTree = "<group>"; };
		9C2AF7492560E519007F3FAE /* Distance.swift */ = {isa = PBXFileReference; lastKnownFileType = sourcecode.swift; path = Distance.swift; sourceTree = "<group>"; };
		9C2AF74D2560ECEC007F3FAE /* LocationService.swift */ = {isa = PBXFileReference; fileEncoding = 4; lastKnownFileType = sourcecode.swift; path = LocationService.swift; sourceTree = "<group>"; };
		9C31FE80256E8ABC0009AE9A /* DistanceCell.swift */ = {isa = PBXFileReference; fileEncoding = 4; lastKnownFileType = sourcecode.swift; path = DistanceCell.swift; sourceTree = "<group>"; };
		9C31FE81256E8ABE0009AE9A /* DistanceViewController.swift */ = {isa = PBXFileReference; fileEncoding = 4; lastKnownFileType = sourcecode.swift; path = DistanceViewController.swift; sourceTree = "<group>"; };
		9C6845D6255F6C72007D3433 /* UIView+SnapKit.swift */ = {isa = PBXFileReference; fileEncoding = 4; lastKnownFileType = sourcecode.swift; path = "UIView+SnapKit.swift"; sourceTree = "<group>"; };
		9C79B9B625767CC100A2B2EB /* ListLocationCell.swift */ = {isa = PBXFileReference; lastKnownFileType = sourcecode.swift; path = ListLocationCell.swift; sourceTree = "<group>"; };
		9C79B9B8257686A000A2B2EB /* ListLocationViewModel.swift */ = {isa = PBXFileReference; lastKnownFileType = sourcecode.swift; path = ListLocationViewModel.swift; sourceTree = "<group>"; };
		9C79B9BA2576943500A2B2EB /* UIScrollView+Paging.swift */ = {isa = PBXFileReference; fileEncoding = 4; lastKnownFileType = sourcecode.swift; path = "UIScrollView+Paging.swift"; sourceTree = "<group>"; };
		9C8DCD3C2557DA8D001F8F56 /* Radians.swift */ = {isa = PBXFileReference; lastKnownFileType = sourcecode.swift; path = Radians.swift; sourceTree = "<group>"; };
		9C8DCD412557DB80001F8F56 /* Cubic.swift */ = {isa = PBXFileReference; lastKnownFileType = sourcecode.swift; path = Cubic.swift; sourceTree = "<group>"; };
		9C8DCD472557DD18001F8F56 /* Category.swift */ = {isa = PBXFileReference; fileEncoding = 4; lastKnownFileType = sourcecode.swift; path = Category.swift; sourceTree = "<group>"; };
		9C903991257393E200D74E99 /* ListViewController.swift */ = {isa = PBXFileReference; lastKnownFileType = sourcecode.swift; path = ListViewController.swift; sourceTree = "<group>"; };
		9C903993257393EB00D74E99 /* ListViewModel.swift */ = {isa = PBXFileReference; lastKnownFileType = sourcecode.swift; path = ListViewModel.swift; sourceTree = "<group>"; };
		9C9039952573A19200D74E99 /* Detail.swift */ = {isa = PBXFileReference; lastKnownFileType = sourcecode.swift; path = Detail.swift; sourceTree = "<group>"; };
		9C95E3712543D2930028FDFD /* CircularView.swift */ = {isa = PBXFileReference; lastKnownFileType = sourcecode.swift; path = CircularView.swift; sourceTree = "<group>"; };
		9C95E3742543D2DD0028FDFD /* ProModule.framework */ = {isa = PBXFileReference; explicitFileType = wrapper.framework; path = ProModule.framework; sourceTree = BUILT_PRODUCTS_DIR; };
		9C9FEA20256A3DA10071DC86 /* SpinningViewController.swift */ = {isa = PBXFileReference; lastKnownFileType = sourcecode.swift; path = SpinningViewController.swift; sourceTree = "<group>"; };
		9C9FEA22256A3DF40071DC86 /* SpinningViewModel.swift */ = {isa = PBXFileReference; lastKnownFileType = sourcecode.swift; path = SpinningViewModel.swift; sourceTree = "<group>"; };
		9C9FEA24256A43520071DC86 /* RxSwift+Previous.swift */ = {isa = PBXFileReference; fileEncoding = 4; lastKnownFileType = sourcecode.swift; path = "RxSwift+Previous.swift"; sourceTree = "<group>"; };
		9CBCE9E1256A653100308C64 /* AppleSDGothicNeo.ttc */ = {isa = PBXFileReference; lastKnownFileType = file; path = AppleSDGothicNeo.ttc; sourceTree = "<group>"; };
		9CBCE9E3256A655C00308C64 /* NSAttributedString.swift */ = {isa = PBXFileReference; fileEncoding = 4; lastKnownFileType = sourcecode.swift; path = NSAttributedString.swift; sourceTree = "<group>"; };
		9CBCE9E6256A65C100308C64 /* CategoryViewController.swift */ = {isa = PBXFileReference; lastKnownFileType = sourcecode.swift; path = CategoryViewController.swift; sourceTree = "<group>"; };
		9CBCE9EE256A69B900308C64 /* BaseTableViewCell.swift */ = {isa = PBXFileReference; fileEncoding = 4; lastKnownFileType = sourcecode.swift; path = BaseTableViewCell.swift; sourceTree = "<group>"; };
		9CBCE9F2256A6D8400308C64 /* ResizableTableView.swift */ = {isa = PBXFileReference; fileEncoding = 4; lastKnownFileType = sourcecode.swift; path = ResizableTableView.swift; sourceTree = "<group>"; };
		9CBCEA01256A709A00308C64 /* Reusable+Rx.swift */ = {isa = PBXFileReference; fileEncoding = 4; lastKnownFileType = sourcecode.swift; path = "Reusable+Rx.swift"; sourceTree = "<group>"; };
		9CBCEA03256A716700308C64 /* PaddingLabel.swift */ = {isa = PBXFileReference; fileEncoding = 4; lastKnownFileType = sourcecode.swift; path = PaddingLabel.swift; sourceTree = "<group>"; };
		9CBCEA05256A892800308C64 /* CategoryOptionCell.swift */ = {isa = PBXFileReference; fileEncoding = 4; lastKnownFileType = sourcecode.swift; path = CategoryOptionCell.swift; sourceTree = "<group>"; };
		9CBCEA07256A897400308C64 /* CategoryViewModel.swift */ = {isa = PBXFileReference; lastKnownFileType = sourcecode.swift; path = CategoryViewModel.swift; sourceTree = "<group>"; };
		9CE2A8262571ECBA00ACD7E5 /* AddressViewModel.swift */ = {isa = PBXFileReference; fileEncoding = 4; lastKnownFileType = sourcecode.swift; path = AddressViewModel.swift; sourceTree = "<group>"; };
		9CE2A8272571ECBA00ACD7E5 /* AddressViewController.swift */ = {isa = PBXFileReference; fileEncoding = 4; lastKnownFileType = sourcecode.swift; path = AddressViewController.swift; sourceTree = "<group>"; };
		9CE2A82A2571EE3200ACD7E5 /* AddressCell.swift */ = {isa = PBXFileReference; lastKnownFileType = sourcecode.swift; path = AddressCell.swift; sourceTree = "<group>"; };
		9CE8F4312542FF89008AD754 /* Anything.app */ = {isa = PBXFileReference; explicitFileType = wrapper.application; includeInIndex = 0; path = Anything.app; sourceTree = BUILT_PRODUCTS_DIR; };
		9CE8F4342542FF89008AD754 /* AppDelegate.swift */ = {isa = PBXFileReference; lastKnownFileType = sourcecode.swift; path = AppDelegate.swift; sourceTree = "<group>"; };
		9CE8F4362542FF89008AD754 /* SceneDelegate.swift */ = {isa = PBXFileReference; lastKnownFileType = sourcecode.swift; path = SceneDelegate.swift; sourceTree = "<group>"; };
		9CE8F4382542FF89008AD754 /* MainViewController.swift */ = {isa = PBXFileReference; lastKnownFileType = sourcecode.swift; path = MainViewController.swift; sourceTree = "<group>"; };
		9CE8F43D2542FF89008AD754 /* Assets.xcassets */ = {isa = PBXFileReference; lastKnownFileType = folder.assetcatalog; path = Assets.xcassets; sourceTree = "<group>"; };
		9CE8F4402542FF89008AD754 /* Base */ = {isa = PBXFileReference; lastKnownFileType = file.storyboard; name = Base; path = Base.lproj/LaunchScreen.storyboard; sourceTree = "<group>"; };
		9CE8F4422542FF89008AD754 /* Info.plist */ = {isa = PBXFileReference; lastKnownFileType = text.plist.xml; path = Info.plist; sourceTree = "<group>"; };
/* End PBXFileReference section */

/* Begin PBXFrameworksBuildPhase section */
		9CE8F42E2542FF89008AD754 /* Frameworks */ = {
			isa = PBXFrameworksBuildPhase;
			buildActionMask = 2147483647;
			files = (
				9C95E3752543D2DD0028FDFD /* ProModule.framework in Frameworks */,
				10492E1461E9812958DCEF6A /* Pods_Anything.framework in Frameworks */,
			);
			runOnlyForDeploymentPostprocessing = 0;
		};
/* End PBXFrameworksBuildPhase section */

/* Begin PBXGroup section */
		9C0AECE625725810009349AD /* Map */ = {
			isa = PBXGroup;
			children = (
				9C0AECE725725823009349AD /* MapViewController.swift */,
				9C0AECE92572582C009349AD /* MapViewModel.swift */,
			);
			path = Map;
			sourceTree = "<group>";
		};
		9C1B6B182557DEF100854566 /* App */ = {
			isa = PBXGroup;
			children = (
				9CE8F4342542FF89008AD754 /* AppDelegate.swift */,
				9CE8F4362542FF89008AD754 /* SceneDelegate.swift */,
				9CE8F43F2542FF89008AD754 /* LaunchScreen.storyboard */,
				9CE8F4422542FF89008AD754 /* Info.plist */,
			);
			path = App;
			sourceTree = "<group>";
		};
		9C2437BC255F5C7900EB9C38 /* Base */ = {
			isa = PBXGroup;
			children = (
				9C2437BD255F5C8900EB9C38 /* BaseViewController.swift */,
				9C2437C1255F5EBA00EB9C38 /* BaseViewModel.swift */,
				9CBCE9EE256A69B900308C64 /* BaseTableViewCell.swift */,
			);
			path = Base;
			sourceTree = "<group>";
		};
		9C2437C3255F5F2D00EB9C38 /* Protocol */ = {
			isa = PBXGroup;
			children = (
				9C2437BF255F5E6600EB9C38 /* View.swift */,
				9C2437C4255F5F6000EB9C38 /* PresentableType.swift */,
			);
			path = Protocol;
			sourceTree = "<group>";
		};
		9C2AF7272560DE4A007F3FAE /* API */ = {
			isa = PBXGroup;
			children = (
				9C2AF7282560DE4A007F3FAE /* AnythingAPI.swift */,
			);
			path = API;
			sourceTree = "<group>";
		};
		9C2AF72A2560DE6E007F3FAE /* Service */ = {
			isa = PBXGroup;
			children = (
				9C2AF72E2560DE6E007F3FAE /* BaseService.swift */,
				9C2AF72D2560DE6E007F3FAE /* ServiceProvider.swift */,
				9C2AF72C2560DE6E007F3FAE /* NetworkService.swift */,
				9C2AF74D2560ECEC007F3FAE /* LocationService.swift */,
				9C2AF72B2560DE6E007F3FAE /* Logger.swift */,
			);
			path = Service;
			sourceTree = "<group>";
		};
		9C8DCD3A2557DA67001F8F56 /* Extension */ = {
			isa = PBXGroup;
			children = (
				9C2AF7372560DF06007F3FAE /* Global.swift */,
				9C8DCD3C2557DA8D001F8F56 /* Radians.swift */,
				9C2AF73B2560DF06007F3FAE /* Array+Subscript.swift */,
				9C2AF73A2560DF06007F3FAE /* CALayer+SketchSahdow.swift */,
				9C2AF73C2560DF06007F3FAE /* UIColor+Custom.swift */,
				9C2AF7382560DF06007F3FAE /* UIFont+Custom.swift */,
				9C2AF7392560DF06007F3FAE /* UIView+Tap.swift */,
				9C6845D6255F6C72007D3433 /* UIView+SnapKit.swift */,
				9C9FEA24256A43520071DC86 /* RxSwift+Previous.swift */,
				9CBCE9E3256A655C00308C64 /* NSAttributedString.swift */,
				9CBCEA01256A709A00308C64 /* Reusable+Rx.swift */,
				9C79B9BA2576943500A2B2EB /* UIScrollView+Paging.swift */,
			);
			path = Extension;
			sourceTree = "<group>";
		};
		9C8DCD402557DB6E001F8F56 /* Module */ = {
			isa = PBXGroup;
			children = (
				9C8DCD412557DB80001F8F56 /* Cubic.swift */,
			);
			path = Module;
			sourceTree = "<group>";
		};
		9C8DCD432557DC8F001F8F56 /* Custom */ = {
			isa = PBXGroup;
			children = (
				9C2AF7432560DF44007F3FAE /* NavigationBar.swift */,
				9C2AF7442560DF44007F3FAE /* CategoryView.swift */,
				9C95E3712543D2930028FDFD /* CircularView.swift */,
				9CBCE9F2256A6D8400308C64 /* ResizableTableView.swift */,
				9CBCEA03256A716700308C64 /* PaddingLabel.swift */,
			);
			path = Custom;
			sourceTree = "<group>";
		};
		9C8DCD442557DCF9001F8F56 /* Model */ = {
			isa = PBXGroup;
			children = (
				9C2AF7332560DECA007F3FAE /* List.swift */,
				9C2AF7342560DECA007F3FAE /* Location.swift */,
				9C8DCD472557DD18001F8F56 /* Category.swift */,
				9C2AF7492560E519007F3FAE /* Distance.swift */,
				9C9039952573A19200D74E99 /* Detail.swift */,
			);
			path = Model;
			sourceTree = "<group>";
		};
		9C8DCD492557DD3F001F8F56 /* Scene */ = {
			isa = PBXGroup;
			children = (
				9C8DCD4A2557DD45001F8F56 /* Main */,
				9C9FEA1E256A3D660071DC86 /* Spinning */,
				9CBCE9E5256A65AC00308C64 /* Category */,
				9CE2A8252571ECBA00ACD7E5 /* Address */,
				9C0AECE625725810009349AD /* Map */,
				9C903990257393CD00D74E99 /* List */,
			);
			path = Scene;
			sourceTree = "<group>";
		};
		9C8DCD4A2557DD45001F8F56 /* Main */ = {
			isa = PBXGroup;
			children = (
				9CE8F4382542FF89008AD754 /* MainViewController.swift */,
				9C2AF7472560DFCF007F3FAE /* MainViewModel.swift */,
			);
			path = Main;
			sourceTree = "<group>";
		};
		9C903990257393CD00D74E99 /* List */ = {
			isa = PBXGroup;
			children = (
				9C903991257393E200D74E99 /* ListViewController.swift */,
				9C903993257393EB00D74E99 /* ListViewModel.swift */,
				9C79B9B625767CC100A2B2EB /* ListLocationCell.swift */,
				9C79B9B8257686A000A2B2EB /* ListLocationViewModel.swift */,
			);
			path = List;
			sourceTree = "<group>";
		};
		9C95E3732543D2DD0028FDFD /* Frameworks */ = {
			isa = PBXGroup;
			children = (
				9C95E3742543D2DD0028FDFD /* ProModule.framework */,
				880CBC4CFCE87C336BE76628 /* Pods_Anything.framework */,
			);
			name = Frameworks;
			sourceTree = "<group>";
		};
		9C9FEA1E256A3D660071DC86 /* Spinning */ = {
			isa = PBXGroup;
			children = (
				9C9FEA20256A3DA10071DC86 /* SpinningViewController.swift */,
				9C9FEA22256A3DF40071DC86 /* SpinningViewModel.swift */,
				9C31FE81256E8ABE0009AE9A /* DistanceViewController.swift */,
				9C31FE80256E8ABC0009AE9A /* DistanceCell.swift */,
			);
			path = Spinning;
			sourceTree = "<group>";
		};
		9CBCE9DA256A64DD00308C64 /* Resource */ = {
			isa = PBXGroup;
			children = (
				9CBCE9E0256A653100308C64 /* Font */,
				9CE8F43D2542FF89008AD754 /* Assets.xcassets */,
			);
			path = Resource;
			sourceTree = "<group>";
		};
		9CBCE9E0256A653100308C64 /* Font */ = {
			isa = PBXGroup;
			children = (
				9CBCE9E1256A653100308C64 /* AppleSDGothicNeo.ttc */,
			);
			path = Font;
			sourceTree = "<group>";
		};
		9CBCE9E5256A65AC00308C64 /* Category */ = {
			isa = PBXGroup;
			children = (
				9CBCE9E6256A65C100308C64 /* CategoryViewController.swift */,
				9CBCEA07256A897400308C64 /* CategoryViewModel.swift */,
				9CBCEA05256A892800308C64 /* CategoryOptionCell.swift */,
			);
			path = Category;
			sourceTree = "<group>";
		};
		9CE2A8252571ECBA00ACD7E5 /* Address */ = {
			isa = PBXGroup;
			children = (
				9CE2A8272571ECBA00ACD7E5 /* AddressViewController.swift */,
				9CE2A8262571ECBA00ACD7E5 /* AddressViewModel.swift */,
				9CE2A82A2571EE3200ACD7E5 /* AddressCell.swift */,
			);
			path = Address;
			sourceTree = "<group>";
		};
		9CE8F4282542FF89008AD754 = {
			isa = PBXGroup;
			children = (
				9CE8F4332542FF89008AD754 /* Anything */,
				9CE8F4322542FF89008AD754 /* Products */,
				9C95E3732543D2DD0028FDFD /* Frameworks */,
				A18828F96F29C18EE1E2A8D2 /* Pods */,
			);
			sourceTree = "<group>";
		};
		9CE8F4322542FF89008AD754 /* Products */ = {
			isa = PBXGroup;
			children = (
				9CE8F4312542FF89008AD754 /* Anything.app */,
			);
			name = Products;
			sourceTree = "<group>";
		};
		9CE8F4332542FF89008AD754 /* Anything */ = {
			isa = PBXGroup;
			children = (
				9C1B6B182557DEF100854566 /* App */,
				9C2AF7272560DE4A007F3FAE /* API */,
				9C2AF72A2560DE6E007F3FAE /* Service */,
				9C8DCD442557DCF9001F8F56 /* Model */,
				9C8DCD492557DD3F001F8F56 /* Scene */,
				9C2437C3255F5F2D00EB9C38 /* Protocol */,
				9C2437BC255F5C7900EB9C38 /* Base */,
				9C8DCD432557DC8F001F8F56 /* Custom */,
				9C8DCD3A2557DA67001F8F56 /* Extension */,
				9C8DCD402557DB6E001F8F56 /* Module */,
				9CBCE9DA256A64DD00308C64 /* Resource */,
			);
			path = Anything;
			sourceTree = "<group>";
		};
		A18828F96F29C18EE1E2A8D2 /* Pods */ = {
			isa = PBXGroup;
			children = (
				5FA990465A21655122445307 /* Pods-Anything.debug.xcconfig */,
				686467D99D5310B73482D4CD /* Pods-Anything.release.xcconfig */,
			);
			path = Pods;
			sourceTree = "<group>";
		};
/* End PBXGroup section */

/* Begin PBXNativeTarget section */
		9CE8F4302542FF89008AD754 /* Anything */ = {
			isa = PBXNativeTarget;
			buildConfigurationList = 9CE8F4452542FF89008AD754 /* Build configuration list for PBXNativeTarget "Anything" */;
			buildPhases = (
				C6C9F954B8FF4A7DB6DC0890 /* [CP] Check Pods Manifest.lock */,
				9CE8F42D2542FF89008AD754 /* Sources */,
				9CE8F42E2542FF89008AD754 /* Frameworks */,
				9CE8F42F2542FF89008AD754 /* Resources */,
				9C95E3772543D2DD0028FDFD /* Embed Frameworks */,
				FD46E80B00272A6F5E6F53AC /* [CP] Embed Pods Frameworks */,
			);
			buildRules = (
			);
			dependencies = (
			);
			name = Anything;
			productName = Anything;
			productReference = 9CE8F4312542FF89008AD754 /* Anything.app */;
			productType = "com.apple.product-type.application";
		};
/* End PBXNativeTarget section */

/* Begin PBXProject section */
		9CE8F4292542FF89008AD754 /* Project object */ = {
			isa = PBXProject;
			attributes = {
				LastSwiftUpdateCheck = 1170;
				LastUpgradeCheck = 1220;
				ORGANIZATIONNAME = Soso;
				TargetAttributes = {
					9CE8F4302542FF89008AD754 = {
						CreatedOnToolsVersion = 11.7;
					};
				};
			};
			buildConfigurationList = 9CE8F42C2542FF89008AD754 /* Build configuration list for PBXProject "Anything" */;
			compatibilityVersion = "Xcode 9.3";
			developmentRegion = ko;
			hasScannedForEncodings = 0;
			knownRegions = (
				ko,
				Base,
			);
			mainGroup = 9CE8F4282542FF89008AD754;
			productRefGroup = 9CE8F4322542FF89008AD754 /* Products */;
			projectDirPath = "";
			projectRoot = "";
			targets = (
				9CE8F4302542FF89008AD754 /* Anything */,
			);
		};
/* End PBXProject section */

/* Begin PBXResourcesBuildPhase section */
		9CE8F42F2542FF89008AD754 /* Resources */ = {
			isa = PBXResourcesBuildPhase;
			buildActionMask = 2147483647;
			files = (
				9CE8F4412542FF89008AD754 /* LaunchScreen.storyboard in Resources */,
				9CBCE9E2256A653100308C64 /* AppleSDGothicNeo.ttc in Resources */,
				9CE8F43E2542FF89008AD754 /* Assets.xcassets in Resources */,
			);
			runOnlyForDeploymentPostprocessing = 0;
		};
/* End PBXResourcesBuildPhase section */

/* Begin PBXShellScriptBuildPhase section */
		C6C9F954B8FF4A7DB6DC0890 /* [CP] Check Pods Manifest.lock */ = {
			isa = PBXShellScriptBuildPhase;
			buildActionMask = 2147483647;
			files = (
			);
			inputFileListPaths = (
			);
			inputPaths = (
				"${PODS_PODFILE_DIR_PATH}/Podfile.lock",
				"${PODS_ROOT}/Manifest.lock",
			);
			name = "[CP] Check Pods Manifest.lock";
			outputFileListPaths = (
			);
			outputPaths = (
				"$(DERIVED_FILE_DIR)/Pods-Anything-checkManifestLockResult.txt",
			);
			runOnlyForDeploymentPostprocessing = 0;
			shellPath = /bin/sh;
			shellScript = "diff \"${PODS_PODFILE_DIR_PATH}/Podfile.lock\" \"${PODS_ROOT}/Manifest.lock\" > /dev/null\nif [ $? != 0 ] ; then\n    # print error to STDERR\n    echo \"error: The sandbox is not in sync with the Podfile.lock. Run 'pod install' or update your CocoaPods installation.\" >&2\n    exit 1\nfi\n# This output is used by Xcode 'outputs' to avoid re-running this script phase.\necho \"SUCCESS\" > \"${SCRIPT_OUTPUT_FILE_0}\"\n";
			showEnvVarsInLog = 0;
		};
		FD46E80B00272A6F5E6F53AC /* [CP] Embed Pods Frameworks */ = {
			isa = PBXShellScriptBuildPhase;
			buildActionMask = 2147483647;
			files = (
			);
			inputFileListPaths = (
				"${PODS_ROOT}/Target Support Files/Pods-Anything/Pods-Anything-frameworks-${CONFIGURATION}-input-files.xcfilelist",
			);
			name = "[CP] Embed Pods Frameworks";
			outputFileListPaths = (
				"${PODS_ROOT}/Target Support Files/Pods-Anything/Pods-Anything-frameworks-${CONFIGURATION}-output-files.xcfilelist",
			);
			runOnlyForDeploymentPostprocessing = 0;
			shellPath = /bin/sh;
			shellScript = "\"${PODS_ROOT}/Target Support Files/Pods-Anything/Pods-Anything-frameworks.sh\"\n";
			showEnvVarsInLog = 0;
		};
/* End PBXShellScriptBuildPhase section */

/* Begin PBXSourcesBuildPhase section */
		9CE8F42D2542FF89008AD754 /* Sources */ = {
			isa = PBXSourcesBuildPhase;
			buildActionMask = 2147483647;
			files = (
				9C8DCD3D2557DA8D001F8F56 /* Radians.swift in Sources */,
				9C2AF73E2560DF06007F3FAE /* UIFont+Custom.swift in Sources */,
				9C2437C2255F5EBA00EB9C38 /* BaseViewModel.swift in Sources */,
				9C2AF7292560DE4A007F3FAE /* AnythingAPI.swift in Sources */,
				9C9FEA23256A3DF40071DC86 /* SpinningViewModel.swift in Sources */,
				9CBCE9E4256A655C00308C64 /* NSAttributedString.swift in Sources */,
				9C2AF73F2560DF06007F3FAE /* UIView+Tap.swift in Sources */,
				9CE8F4392542FF89008AD754 /* MainViewController.swift in Sources */,
				9CBCEA08256A897400308C64 /* CategoryViewModel.swift in Sources */,
				9C2AF7402560DF06007F3FAE /* CALayer+SketchSahdow.swift in Sources */,
				9C79B9B725767CC100A2B2EB /* ListLocationCell.swift in Sources */,
				9C2AF7482560DFCF007F3FAE /* MainViewModel.swift in Sources */,
				9CBCEA06256A892800308C64 /* CategoryOptionCell.swift in Sources */,
				9C79B9B9257686A000A2B2EB /* ListLocationViewModel.swift in Sources */,
				9C2437C0255F5E6600EB9C38 /* View.swift in Sources */,
				9C95E3722543D2930028FDFD /* CircularView.swift in Sources */,
				9CE8F4352542FF89008AD754 /* AppDelegate.swift in Sources */,
				9CE8F4372542FF89008AD754 /* SceneDelegate.swift in Sources */,
				9C2AF73D2560DF06007F3FAE /* Global.swift in Sources */,
				9C31FE82256E8ABF0009AE9A /* DistanceCell.swift in Sources */,
				9CE2A8292571ECBA00ACD7E5 /* AddressViewController.swift in Sources */,
				9C79B9BB2576943500A2B2EB /* UIScrollView+Paging.swift in Sources */,
				9C2437BE255F5C8900EB9C38 /* BaseViewController.swift in Sources */,
				9C9039962573A19200D74E99 /* Detail.swift in Sources */,
				9C2AF7422560DF06007F3FAE /* UIColor+Custom.swift in Sources */,
				9C8DCD422557DB80001F8F56 /* Cubic.swift in Sources */,
				9C2AF7302560DE6E007F3FAE /* NetworkService.swift in Sources */,
				9C0AECEA2572582C009349AD /* MapViewModel.swift in Sources */,
				9C8DCD482557DD18001F8F56 /* Category.swift in Sources */,
				9CBCEA02256A709A00308C64 /* Reusable+Rx.swift in Sources */,
				9C2AF74A2560E519007F3FAE /* Distance.swift in Sources */,
				9C9FEA21256A3DA10071DC86 /* SpinningViewController.swift in Sources */,
				9CBCE9EF256A69B900308C64 /* BaseTableViewCell.swift in Sources */,
				9C2AF7452560DF44007F3FAE /* NavigationBar.swift in Sources */,
				9C2AF7322560DE6E007F3FAE /* BaseService.swift in Sources */,
				9C2AF7412560DF06007F3FAE /* Array+Subscript.swift in Sources */,
				9C9FEA25256A43520071DC86 /* RxSwift+Previous.swift in Sources */,
				9C2AF74E2560ECEC007F3FAE /* LocationService.swift in Sources */,
				9C2AF7312560DE6E007F3FAE /* ServiceProvider.swift in Sources */,
				9C2AF7362560DECA007F3FAE /* Location.swift in Sources */,
				9C2AF72F2560DE6E007F3FAE /* Logger.swift in Sources */,
				9CE2A8282571ECBA00ACD7E5 /* AddressViewModel.swift in Sources */,
				9CBCE9E7256A65C100308C64 /* CategoryViewController.swift in Sources */,
				9CE2A82B2571EE3200ACD7E5 /* AddressCell.swift in Sources */,
				9C903994257393EB00D74E99 /* ListViewModel.swift in Sources */,
				9CBCE9F3256A6D8400308C64 /* ResizableTableView.swift in Sources */,
				9C903992257393E200D74E99 /* ListViewController.swift in Sources */,
				9C6845D7255F6C72007D3433 /* UIView+SnapKit.swift in Sources */,
				9C31FE83256E8ABF0009AE9A /* DistanceViewController.swift in Sources */,
				9CBCEA04256A716700308C64 /* PaddingLabel.swift in Sources */,
				9C2437C5255F5F6000EB9C38 /* PresentableType.swift in Sources */,
				9C0AECE825725823009349AD /* MapViewController.swift in Sources */,
				9C2AF7352560DECA007F3FAE /* List.swift in Sources */,
				9C2AF7462560DF44007F3FAE /* CategoryView.swift in Sources */,
			);
			runOnlyForDeploymentPostprocessing = 0;
		};
/* End PBXSourcesBuildPhase section */

/* Begin PBXVariantGroup section */
		9CE8F43F2542FF89008AD754 /* LaunchScreen.storyboard */ = {
			isa = PBXVariantGroup;
			children = (
				9CE8F4402542FF89008AD754 /* Base */,
			);
			name = LaunchScreen.storyboard;
			sourceTree = "<group>";
		};
/* End PBXVariantGroup section */

/* Begin XCBuildConfiguration section */
		9CE8F4432542FF89008AD754 /* Debug */ = {
			isa = XCBuildConfiguration;
			buildSettings = {
				ALWAYS_SEARCH_USER_PATHS = NO;
				CLANG_ANALYZER_LOCALIZABILITY_NONLOCALIZED = YES;
				CLANG_ANALYZER_NONNULL = YES;
				CLANG_ANALYZER_NUMBER_OBJECT_CONVERSION = YES_AGGRESSIVE;
				CLANG_CXX_LANGUAGE_STANDARD = "gnu++14";
				CLANG_CXX_LIBRARY = "libc++";
				CLANG_ENABLE_MODULES = YES;
				CLANG_ENABLE_OBJC_ARC = YES;
				CLANG_ENABLE_OBJC_WEAK = YES;
				CLANG_WARN_BLOCK_CAPTURE_AUTORELEASING = YES;
				CLANG_WARN_BOOL_CONVERSION = YES;
				CLANG_WARN_COMMA = YES;
				CLANG_WARN_CONSTANT_CONVERSION = YES;
				CLANG_WARN_DEPRECATED_OBJC_IMPLEMENTATIONS = YES;
				CLANG_WARN_DIRECT_OBJC_ISA_USAGE = YES_ERROR;
				CLANG_WARN_DOCUMENTATION_COMMENTS = YES;
				CLANG_WARN_EMPTY_BODY = YES;
				CLANG_WARN_ENUM_CONVERSION = YES;
				CLANG_WARN_INFINITE_RECURSION = YES;
				CLANG_WARN_INT_CONVERSION = YES;
				CLANG_WARN_NON_LITERAL_NULL_CONVERSION = YES;
				CLANG_WARN_OBJC_IMPLICIT_RETAIN_SELF = YES;
				CLANG_WARN_OBJC_LITERAL_CONVERSION = YES;
				CLANG_WARN_OBJC_ROOT_CLASS = YES_ERROR;
				CLANG_WARN_QUOTED_INCLUDE_IN_FRAMEWORK_HEADER = YES;
				CLANG_WARN_RANGE_LOOP_ANALYSIS = YES;
				CLANG_WARN_STRICT_PROTOTYPES = YES;
				CLANG_WARN_SUSPICIOUS_MOVE = YES;
				CLANG_WARN_UNGUARDED_AVAILABILITY = YES_AGGRESSIVE;
				CLANG_WARN_UNREACHABLE_CODE = YES;
				CLANG_WARN__DUPLICATE_METHOD_MATCH = YES;
				COPY_PHASE_STRIP = NO;
				DEBUG_INFORMATION_FORMAT = dwarf;
				ENABLE_STRICT_OBJC_MSGSEND = YES;
				ENABLE_TESTABILITY = YES;
				GCC_C_LANGUAGE_STANDARD = gnu11;
				GCC_DYNAMIC_NO_PIC = NO;
				GCC_NO_COMMON_BLOCKS = YES;
				GCC_OPTIMIZATION_LEVEL = 0;
				GCC_PREPROCESSOR_DEFINITIONS = (
					"DEBUG=1",
					"$(inherited)",
				);
				GCC_WARN_64_TO_32_BIT_CONVERSION = YES;
				GCC_WARN_ABOUT_RETURN_TYPE = YES_ERROR;
				GCC_WARN_UNDECLARED_SELECTOR = YES;
				GCC_WARN_UNINITIALIZED_AUTOS = YES_AGGRESSIVE;
				GCC_WARN_UNUSED_FUNCTION = YES;
				GCC_WARN_UNUSED_VARIABLE = YES;
				IPHONEOS_DEPLOYMENT_TARGET = 14.0;
				MTL_ENABLE_DEBUG_INFO = INCLUDE_SOURCE;
				MTL_FAST_MATH = YES;
				ONLY_ACTIVE_ARCH = YES;
				SDKROOT = iphoneos;
				SWIFT_ACTIVE_COMPILATION_CONDITIONS = DEBUG;
				SWIFT_OPTIMIZATION_LEVEL = "-Onone";
			};
			name = Debug;
		};
		9CE8F4442542FF89008AD754 /* Release */ = {
			isa = XCBuildConfiguration;
			buildSettings = {
				ALWAYS_SEARCH_USER_PATHS = NO;
				CLANG_ANALYZER_LOCALIZABILITY_NONLOCALIZED = YES;
				CLANG_ANALYZER_NONNULL = YES;
				CLANG_ANALYZER_NUMBER_OBJECT_CONVERSION = YES_AGGRESSIVE;
				CLANG_CXX_LANGUAGE_STANDARD = "gnu++14";
				CLANG_CXX_LIBRARY = "libc++";
				CLANG_ENABLE_MODULES = YES;
				CLANG_ENABLE_OBJC_ARC = YES;
				CLANG_ENABLE_OBJC_WEAK = YES;
				CLANG_WARN_BLOCK_CAPTURE_AUTORELEASING = YES;
				CLANG_WARN_BOOL_CONVERSION = YES;
				CLANG_WARN_COMMA = YES;
				CLANG_WARN_CONSTANT_CONVERSION = YES;
				CLANG_WARN_DEPRECATED_OBJC_IMPLEMENTATIONS = YES;
				CLANG_WARN_DIRECT_OBJC_ISA_USAGE = YES_ERROR;
				CLANG_WARN_DOCUMENTATION_COMMENTS = YES;
				CLANG_WARN_EMPTY_BODY = YES;
				CLANG_WARN_ENUM_CONVERSION = YES;
				CLANG_WARN_INFINITE_RECURSION = YES;
				CLANG_WARN_INT_CONVERSION = YES;
				CLANG_WARN_NON_LITERAL_NULL_CONVERSION = YES;
				CLANG_WARN_OBJC_IMPLICIT_RETAIN_SELF = YES;
				CLANG_WARN_OBJC_LITERAL_CONVERSION = YES;
				CLANG_WARN_OBJC_ROOT_CLASS = YES_ERROR;
				CLANG_WARN_QUOTED_INCLUDE_IN_FRAMEWORK_HEADER = YES;
				CLANG_WARN_RANGE_LOOP_ANALYSIS = YES;
				CLANG_WARN_STRICT_PROTOTYPES = YES;
				CLANG_WARN_SUSPICIOUS_MOVE = YES;
				CLANG_WARN_UNGUARDED_AVAILABILITY = YES_AGGRESSIVE;
				CLANG_WARN_UNREACHABLE_CODE = YES;
				CLANG_WARN__DUPLICATE_METHOD_MATCH = YES;
				COPY_PHASE_STRIP = NO;
				DEBUG_INFORMATION_FORMAT = "dwarf-with-dsym";
				ENABLE_NS_ASSERTIONS = NO;
				ENABLE_STRICT_OBJC_MSGSEND = YES;
				GCC_C_LANGUAGE_STANDARD = gnu11;
				GCC_NO_COMMON_BLOCKS = YES;
				GCC_WARN_64_TO_32_BIT_CONVERSION = YES;
				GCC_WARN_ABOUT_RETURN_TYPE = YES_ERROR;
				GCC_WARN_UNDECLARED_SELECTOR = YES;
				GCC_WARN_UNINITIALIZED_AUTOS = YES_AGGRESSIVE;
				GCC_WARN_UNUSED_FUNCTION = YES;
				GCC_WARN_UNUSED_VARIABLE = YES;
				IPHONEOS_DEPLOYMENT_TARGET = 14.0;
				MTL_ENABLE_DEBUG_INFO = NO;
				MTL_FAST_MATH = YES;
				SDKROOT = iphoneos;
				SWIFT_COMPILATION_MODE = wholemodule;
				SWIFT_OPTIMIZATION_LEVEL = "-O";
				VALIDATE_PRODUCT = YES;
			};
			name = Release;
		};
		9CE8F4462542FF89008AD754 /* Debug */ = {
			isa = XCBuildConfiguration;
			baseConfigurationReference = 5FA990465A21655122445307 /* Pods-Anything.debug.xcconfig */;
			buildSettings = {
				ASSETCATALOG_COMPILER_APPICON_NAME = AppIcon;
				CODE_SIGN_STYLE = Automatic;
				DEVELOPMENT_TEAM = PA8R36ZNU9;
				INFOPLIST_FILE = Anything/App/Info.plist;
				IPHONEOS_DEPLOYMENT_TARGET = 14.0;
				LD_RUNPATH_SEARCH_PATHS = (
					"$(inherited)",
					"@executable_path/Frameworks",
				);
				MARKETING_VERSION = 1.0.0;
				PRODUCT_BUNDLE_IDENTIFIER = com.soso.Anything;
				PRODUCT_NAME = "$(TARGET_NAME)";
				SWIFT_VERSION = 5.0;
				TARGETED_DEVICE_FAMILY = "1,2";
			};
			name = Debug;
		};
		9CE8F4472542FF89008AD754 /* Release */ = {
			isa = XCBuildConfiguration;
			baseConfigurationReference = 686467D99D5310B73482D4CD /* Pods-Anything.release.xcconfig */;
			buildSettings = {
				ASSETCATALOG_COMPILER_APPICON_NAME = AppIcon;
				CODE_SIGN_IDENTITY = "iPhone Distribution";
				CODE_SIGN_STYLE = Manual;
				DEVELOPMENT_TEAM = PA8R36ZNU9;
				INFOPLIST_FILE = Anything/App/Info.plist;
				IPHONEOS_DEPLOYMENT_TARGET = 14.0;
				LD_RUNPATH_SEARCH_PATHS = (
					"$(inherited)",
					"@executable_path/Frameworks",
				);
				MARKETING_VERSION = 1.0.0;
				PRODUCT_BUNDLE_IDENTIFIER = com.soso.Anything;
				PRODUCT_NAME = "$(TARGET_NAME)";
				PROVISIONING_PROFILE_SPECIFIER = "Anything - AppStore";
				SWIFT_VERSION = 5.0;
				TARGETED_DEVICE_FAMILY = "1,2";
			};
			name = Release;
		};
/* End XCBuildConfiguration section */

/* Begin XCConfigurationList section */
		9CE8F42C2542FF89008AD754 /* Build configuration list for PBXProject "Anything" */ = {
			isa = XCConfigurationList;
			buildConfigurations = (
				9CE8F4432542FF89008AD754 /* Debug */,
				9CE8F4442542FF89008AD754 /* Release */,
			);
			defaultConfigurationIsVisible = 0;
			defaultConfigurationName = Release;
		};
		9CE8F4452542FF89008AD754 /* Build configuration list for PBXNativeTarget "Anything" */ = {
			isa = XCConfigurationList;
			buildConfigurations = (
				9CE8F4462542FF89008AD754 /* Debug */,
				9CE8F4472542FF89008AD754 /* Release */,
			);
			defaultConfigurationIsVisible = 0;
			defaultConfigurationName = Release;
		};
/* End XCConfigurationList section */
	};
	rootObject = 9CE8F4292542FF89008AD754 /* Project object */;
}
