// !$*UTF8*$!
{
	archiveVersion = 1;
	classes = {
	};
	objectVersion = 52;
	objects = {

/* Begin PBXBuildFile section */
		9C1D557424DADC0C0048BBDF /* URLNavigator in Frameworks */ = {isa = PBXBuildFile; productRef = 9C1D557324DADC0C0048BBDF /* URLNavigator */; };
		9C2AF7512560ED35007F3FAE /* RxCoreLocation in Frameworks */ = {isa = PBXBuildFile; productRef = 9C2AF7502560ED35007F3FAE /* RxCoreLocation */; };
		9C2AF7552560F02F007F3FAE /* RxOptional in Frameworks */ = {isa = PBXBuildFile; productRef = 9C2AF7542560F02F007F3FAE /* RxOptional */; };
		9C39B5B324AF27BA0003D013 /* SwiftyColor in Frameworks */ = {isa = PBXBuildFile; productRef = 9C39B5B224AF27BA0003D013 /* SwiftyColor */; };
		9C39B5B624AF27E20003D013 /* ReactorKit in Frameworks */ = {isa = PBXBuildFile; productRef = 9C39B5B524AF27E20003D013 /* ReactorKit */; };
		9C59C2F724B190E700402BC5 /* Differentiator in Frameworks */ = {isa = PBXBuildFile; productRef = 9C59C2F624B190E700402BC5 /* Differentiator */; };
		9C59C2F924B190E700402BC5 /* RxDataSources in Frameworks */ = {isa = PBXBuildFile; productRef = 9C59C2F824B190E700402BC5 /* RxDataSources */; };
		9C697D3424ED247E00ABCC7C /* CocoaLumberjackSwift in Frameworks */ = {isa = PBXBuildFile; productRef = 9C697D3324ED247E00ABCC7C /* CocoaLumberjackSwift */; };
		9C697D3624ED247E00ABCC7C /* CocoaLumberjack in Frameworks */ = {isa = PBXBuildFile; productRef = 9C697D3524ED247E00ABCC7C /* CocoaLumberjack */; };
		9C697D4B24ED4D4500ABCC7C /* RxKingfisher in Frameworks */ = {isa = PBXBuildFile; productRef = 9C697D4A24ED4D4500ABCC7C /* RxKingfisher */; };
		9C7AD85B24C020FA00AAEBB0 /* Moya in Frameworks */ = {isa = PBXBuildFile; productRef = 9C7AD85A24C020FA00AAEBB0 /* Moya */; };
		9C7AD85D24C020FA00AAEBB0 /* RxMoya in Frameworks */ = {isa = PBXBuildFile; productRef = 9C7AD85C24C020FA00AAEBB0 /* RxMoya */; };
		9C7AD86024C0212A00AAEBB0 /* MoyaSugar in Frameworks */ = {isa = PBXBuildFile; productRef = 9C7AD85F24C0212A00AAEBB0 /* MoyaSugar */; };
		9CA2CBC324E8C81D00AE5322 /* PanModal in Frameworks */ = {isa = PBXBuildFile; productRef = 9CA2CBC224E8C81D00AE5322 /* PanModal */; };
		9CB525A524B05D15005CEFEA /* RxViewController in Frameworks */ = {isa = PBXBuildFile; productRef = 9CB525A424B05D15005CEFEA /* RxViewController */; };
		9CBCE9F6256A6E9B00308C64 /* Reusable in Frameworks */ = {isa = PBXBuildFile; productRef = 9CBCE9F5256A6E9B00308C64 /* Reusable */; };
		9CE1D2A1257C673A00C70E5B /* Cosmos in Frameworks */ = {isa = PBXBuildFile; productRef = 9CE1D2A0257C673A00C70E5B /* Cosmos */; };
		9CEE727224AADBAD00F649EC /* ProModule.h in Headers */ = {isa = PBXBuildFile; fileRef = 9CEE727024AADBAD00F649EC /* ProModule.h */; settings = {ATTRIBUTES = (Public, ); }; };
		9CEE727A24AADBEC00F649EC /* SnapKit in Frameworks */ = {isa = PBXBuildFile; productRef = 9CEE727924AADBEC00F649EC /* SnapKit */; };
		9CEE728224AADC8D00F649EC /* Then in Frameworks */ = {isa = PBXBuildFile; productRef = 9CEE728124AADC8D00F649EC /* Then */; };
		9CEE728524AADD1600F649EC /* RIBs in Frameworks */ = {isa = PBXBuildFile; productRef = 9CEE728424AADD1600F649EC /* RIBs */; };
		9CF439F024E6BD510029D6FA /* RxKeyboard in Frameworks */ = {isa = PBXBuildFile; productRef = 9CF439EF24E6BD510029D6FA /* RxKeyboard */; };
		9CFDA61A24B4166C00097BF0 /* RxGesture in Frameworks */ = {isa = PBXBuildFile; productRef = 9CFDA61924B4166C00097BF0 /* RxGesture */; };
/* End PBXBuildFile section */

/* Begin PBXFileReference section */
		9CEE726D24AADBAD00F649EC /* ProModule.framework */ = {isa = PBXFileReference; explicitFileType = wrapper.framework; includeInIndex = 0; path = ProModule.framework; sourceTree = BUILT_PRODUCTS_DIR; };
		9CEE727024AADBAD00F649EC /* ProModule.h */ = {isa = PBXFileReference; lastKnownFileType = sourcecode.c.h; path = ProModule.h; sourceTree = "<group>"; };
		9CEE727124AADBAD00F649EC /* Info.plist */ = {isa = PBXFileReference; lastKnownFileType = text.plist.xml; path = Info.plist; sourceTree = "<group>"; };
/* End PBXFileReference section */

/* Begin PBXFrameworksBuildPhase section */
		9CEE726A24AADBAD00F649EC /* Frameworks */ = {
			isa = PBXFrameworksBuildPhase;
			buildActionMask = 2147483647;
			files = (
				9C59C2F724B190E700402BC5 /* Differentiator in Frameworks */,
				9C39B5B324AF27BA0003D013 /* SwiftyColor in Frameworks */,
				9CB525A524B05D15005CEFEA /* RxViewController in Frameworks */,
				9C2AF7552560F02F007F3FAE /* RxOptional in Frameworks */,
				9CEE727A24AADBEC00F649EC /* SnapKit in Frameworks */,
				9C697D4B24ED4D4500ABCC7C /* RxKingfisher in Frameworks */,
				9CBCE9F6256A6E9B00308C64 /* Reusable in Frameworks */,
				9CFDA61A24B4166C00097BF0 /* RxGesture in Frameworks */,
				9CA2CBC324E8C81D00AE5322 /* PanModal in Frameworks */,
				9C39B5B624AF27E20003D013 /* ReactorKit in Frameworks */,
				9CE1D2A1257C673A00C70E5B /* Cosmos in Frameworks */,
				9C7AD86024C0212A00AAEBB0 /* MoyaSugar in Frameworks */,
				9CF439F024E6BD510029D6FA /* RxKeyboard in Frameworks */,
				9C697D3624ED247E00ABCC7C /* CocoaLumberjack in Frameworks */,
				9C697D3424ED247E00ABCC7C /* CocoaLumberjackSwift in Frameworks */,
				9CEE728224AADC8D00F649EC /* Then in Frameworks */,
				9C7AD85B24C020FA00AAEBB0 /* Moya in Frameworks */,
				9C7AD85D24C020FA00AAEBB0 /* RxMoya in Frameworks */,
				9C1D557424DADC0C0048BBDF /* URLNavigator in Frameworks */,
				9CEE728524AADD1600F649EC /* RIBs in Frameworks */,
				9C59C2F924B190E700402BC5 /* RxDataSources in Frameworks */,
				9C2AF7512560ED35007F3FAE /* RxCoreLocation in Frameworks */,
			);
			runOnlyForDeploymentPostprocessing = 0;
		};
/* End PBXFrameworksBuildPhase section */

/* Begin PBXGroup section */
		9CEE726324AADBAD00F649EC = {
			isa = PBXGroup;
			children = (
				9CEE726F24AADBAD00F649EC /* ProModule */,
				9CEE726E24AADBAD00F649EC /* Products */,
			);
			sourceTree = "<group>";
		};
		9CEE726E24AADBAD00F649EC /* Products */ = {
			isa = PBXGroup;
			children = (
				9CEE726D24AADBAD00F649EC /* ProModule.framework */,
			);
			name = Products;
			sourceTree = "<group>";
		};
		9CEE726F24AADBAD00F649EC /* ProModule */ = {
			isa = PBXGroup;
			children = (
				9CEE727024AADBAD00F649EC /* ProModule.h */,
				9CEE727124AADBAD00F649EC /* Info.plist */,
			);
			path = ProModule;
			sourceTree = "<group>";
		};
/* End PBXGroup section */

/* Begin PBXHeadersBuildPhase section */
		9CEE726824AADBAD00F649EC /* Headers */ = {
			isa = PBXHeadersBuildPhase;
			buildActionMask = 2147483647;
			files = (
				9CEE727224AADBAD00F649EC /* ProModule.h in Headers */,
			);
			runOnlyForDeploymentPostprocessing = 0;
		};
/* End PBXHeadersBuildPhase section */

/* Begin PBXNativeTarget section */
		9CEE726C24AADBAD00F649EC /* ProModule */ = {
			isa = PBXNativeTarget;
			buildConfigurationList = 9CEE727524AADBAD00F649EC /* Build configuration list for PBXNativeTarget "ProModule" */;
			buildPhases = (
				9CEE726824AADBAD00F649EC /* Headers */,
				9CEE726924AADBAD00F649EC /* Sources */,
				9CEE726A24AADBAD00F649EC /* Frameworks */,
				9CEE726B24AADBAD00F649EC /* Resources */,
			);
			buildRules = (
			);
			dependencies = (
			);
			name = ProModule;
			packageProductDependencies = (
				9CEE727924AADBEC00F649EC /* SnapKit */,
				9CEE728124AADC8D00F649EC /* Then */,
				9CEE728424AADD1600F649EC /* RIBs */,
				9C39B5B224AF27BA0003D013 /* SwiftyColor */,
				9C39B5B524AF27E20003D013 /* ReactorKit */,
				9CB525A424B05D15005CEFEA /* RxViewController */,
				9C59C2F624B190E700402BC5 /* Differentiator */,
				9C59C2F824B190E700402BC5 /* RxDataSources */,
				9CFDA61924B4166C00097BF0 /* RxGesture */,
				9C7AD85A24C020FA00AAEBB0 /* Moya */,
				9C7AD85C24C020FA00AAEBB0 /* RxMoya */,
				9C7AD85F24C0212A00AAEBB0 /* MoyaSugar */,
				9C1D557324DADC0C0048BBDF /* URLNavigator */,
				9CF439EF24E6BD510029D6FA /* RxKeyboard */,
				9CA2CBC224E8C81D00AE5322 /* PanModal */,
				9C697D3324ED247E00ABCC7C /* CocoaLumberjackSwift */,
				9C697D3524ED247E00ABCC7C /* CocoaLumberjack */,
				9C697D4A24ED4D4500ABCC7C /* RxKingfisher */,
				9C2AF7502560ED35007F3FAE /* RxCoreLocation */,
				9C2AF7542560F02F007F3FAE /* RxOptional */,
				9CBCE9F5256A6E9B00308C64 /* Reusable */,
				9CE1D2A0257C673A00C70E5B /* Cosmos */,
			);
			productName = ProModule;
			productReference = 9CEE726D24AADBAD00F649EC /* ProModule.framework */;
			productType = "com.apple.product-type.framework";
		};
/* End PBXNativeTarget section */

/* Begin PBXProject section */
		9CEE726424AADBAD00F649EC /* Project object */ = {
			isa = PBXProject;
			attributes = {
				LastUpgradeCheck = 1200;
				ORGANIZATIONNAME = Soso;
				TargetAttributes = {
					9CEE726C24AADBAD00F649EC = {
						CreatedOnToolsVersion = 11.5;
					};
				};
			};
			buildConfigurationList = 9CEE726724AADBAD00F649EC /* Build configuration list for PBXProject "ProModule" */;
			compatibilityVersion = "Xcode 9.3";
			developmentRegion = en;
			hasScannedForEncodings = 0;
			knownRegions = (
				en,
				Base,
			);
			mainGroup = 9CEE726324AADBAD00F649EC;
			packageReferences = (
				9CEE727824AADBEC00F649EC /* XCRemoteSwiftPackageReference "SnapKit" */,
				9CEE728024AADC8D00F649EC /* XCRemoteSwiftPackageReference "Then" */,
				9CEE728324AADD1600F649EC /* XCRemoteSwiftPackageReference "RIBs" */,
				9C39B5B124AF27BA0003D013 /* XCRemoteSwiftPackageReference "SwiftyColor" */,
				9C39B5B424AF27E20003D013 /* XCRemoteSwiftPackageReference "ReactorKit" */,
				9CB525A324B05D15005CEFEA /* XCRemoteSwiftPackageReference "RxViewController" */,
				9C59C2F524B190E700402BC5 /* XCRemoteSwiftPackageReference "RxDataSources" */,
				9CFDA61824B4166C00097BF0 /* XCRemoteSwiftPackageReference "RxGesture" */,
				9C7AD85924C020FA00AAEBB0 /* XCRemoteSwiftPackageReference "Moya" */,
				9C7AD85E24C0212A00AAEBB0 /* XCRemoteSwiftPackageReference "MoyaSugar" */,
				9C1D557224DADC0C0048BBDF /* XCRemoteSwiftPackageReference "URLNavigator" */,
				9CF439EE24E6BD510029D6FA /* XCRemoteSwiftPackageReference "RxKeyboard" */,
				9CA2CBC124E8C81D00AE5322 /* XCRemoteSwiftPackageReference "PanModal" */,
				9C697D3224ED247E00ABCC7C /* XCRemoteSwiftPackageReference "CocoaLumberjack" */,
				9C697D4924ED4D4500ABCC7C /* XCRemoteSwiftPackageReference "RxKingfisher" */,
				9C2AF74F2560ED35007F3FAE /* XCRemoteSwiftPackageReference "RxCoreLocation" */,
				9C2AF7532560F02F007F3FAE /* XCRemoteSwiftPackageReference "RxOptional" */,
				9CBCE9F4256A6E9B00308C64 /* XCRemoteSwiftPackageReference "Reusable" */,
				9CE1D29F257C673A00C70E5B /* XCRemoteSwiftPackageReference "Cosmos" */,
			);
			productRefGroup = 9CEE726E24AADBAD00F649EC /* Products */;
			projectDirPath = "";
			projectRoot = "";
			targets = (
				9CEE726C24AADBAD00F649EC /* ProModule */,
			);
		};
/* End PBXProject section */

/* Begin PBXResourcesBuildPhase section */
		9CEE726B24AADBAD00F649EC /* Resources */ = {
			isa = PBXResourcesBuildPhase;
			buildActionMask = 2147483647;
			files = (
			);
			runOnlyForDeploymentPostprocessing = 0;
		};
/* End PBXResourcesBuildPhase section */

/* Begin PBXSourcesBuildPhase section */
		9CEE726924AADBAD00F649EC /* Sources */ = {
			isa = PBXSourcesBuildPhase;
			buildActionMask = 2147483647;
			files = (
			);
			runOnlyForDeploymentPostprocessing = 0;
		};
/* End PBXSourcesBuildPhase section */

/* Begin XCBuildConfiguration section */
		9CEE727324AADBAD00F649EC /* Debug */ = {
			isa = XCBuildConfiguration;
			buildSettings = {
				ALWAYS_SEARCH_USER_PATHS = NO;
				CLANG_ANALYZER_NONNULL = YES;
				CLANG_ANALYZER_NUMBER_OBJECT_CONVERSION = YES_AGGRESSIVE;
				CLANG_CXX_LANGUAGE_STANDARD = "gnu++14";
				CLANG_CXX_LIBRARY = "libc++";
				CLANG_ENABLE_MODULES = YES;
				CLANG_ENABLE_OBJC_ARC = YES;
				CLANG_ENABLE_OBJC_WEAK = YES;
				CLANG_WARN_BLOCK_CAPTURE_AUTORELEASING = YES;
				CLANG_WARN_BOOL_CONVERSION = YES;
				CLANG_WARN_COMMA = YES;
				CLANG_WARN_CONSTANT_CONVERSION = YES;
				CLANG_WARN_DEPRECATED_OBJC_IMPLEMENTATIONS = YES;
				CLANG_WARN_DIRECT_OBJC_ISA_USAGE = YES_ERROR;
				CLANG_WARN_DOCUMENTATION_COMMENTS = YES;
				CLANG_WARN_EMPTY_BODY = YES;
				CLANG_WARN_ENUM_CONVERSION = YES;
				CLANG_WARN_INFINITE_RECURSION = YES;
				CLANG_WARN_INT_CONVERSION = YES;
				CLANG_WARN_NON_LITERAL_NULL_CONVERSION = YES;
				CLANG_WARN_OBJC_IMPLICIT_RETAIN_SELF = YES;
				CLANG_WARN_OBJC_LITERAL_CONVERSION = YES;
				CLANG_WARN_OBJC_ROOT_CLASS = YES_ERROR;
				CLANG_WARN_QUOTED_INCLUDE_IN_FRAMEWORK_HEADER = YES;
				CLANG_WARN_RANGE_LOOP_ANALYSIS = YES;
				CLANG_WARN_STRICT_PROTOTYPES = YES;
				CLANG_WARN_SUSPICIOUS_MOVE = YES;
				CLANG_WARN_UNGUARDED_AVAILABILITY = YES_AGGRESSIVE;
				CLANG_WARN_UNREACHABLE_CODE = YES;
				CLANG_WARN__DUPLICATE_METHOD_MATCH = YES;
				COPY_PHASE_STRIP = NO;
				CURRENT_PROJECT_VERSION = 1;
				DEBUG_INFORMATION_FORMAT = dwarf;
				ENABLE_STRICT_OBJC_MSGSEND = YES;
				ENABLE_TESTABILITY = YES;
				GCC_C_LANGUAGE_STANDARD = gnu11;
				GCC_DYNAMIC_NO_PIC = NO;
				GCC_NO_COMMON_BLOCKS = YES;
				GCC_OPTIMIZATION_LEVEL = 0;
				GCC_PREPROCESSOR_DEFINITIONS = (
					"DEBUG=1",
					"$(inherited)",
				);
				GCC_WARN_64_TO_32_BIT_CONVERSION = YES;
				GCC_WARN_ABOUT_RETURN_TYPE = YES_ERROR;
				GCC_WARN_UNDECLARED_SELECTOR = YES;
				GCC_WARN_UNINITIALIZED_AUTOS = YES_AGGRESSIVE;
				GCC_WARN_UNUSED_FUNCTION = YES;
				GCC_WARN_UNUSED_VARIABLE = YES;
				IPHONEOS_DEPLOYMENT_TARGET = 13.0;
				MTL_ENABLE_DEBUG_INFO = INCLUDE_SOURCE;
				MTL_FAST_MATH = YES;
				ONLY_ACTIVE_ARCH = YES;
				SDKROOT = iphoneos;
				SWIFT_ACTIVE_COMPILATION_CONDITIONS = DEBUG;
				SWIFT_OPTIMIZATION_LEVEL = "-Onone";
				VERSIONING_SYSTEM = "apple-generic";
				VERSION_INFO_PREFIX = "";
			};
			name = Debug;
		};
		9CEE727424AADBAD00F649EC /* Release */ = {
			isa = XCBuildConfiguration;
			buildSettings = {
				ALWAYS_SEARCH_USER_PATHS = NO;
				CLANG_ANALYZER_NONNULL = YES;
				CLANG_ANALYZER_NUMBER_OBJECT_CONVERSION = YES_AGGRESSIVE;
				CLANG_CXX_LANGUAGE_STANDARD = "gnu++14";
				CLANG_CXX_LIBRARY = "libc++";
				CLANG_ENABLE_MODULES = YES;
				CLANG_ENABLE_OBJC_ARC = YES;
				CLANG_ENABLE_OBJC_WEAK = YES;
				CLANG_WARN_BLOCK_CAPTURE_AUTORELEASING = YES;
				CLANG_WARN_BOOL_CONVERSION = YES;
				CLANG_WARN_COMMA = YES;
				CLANG_WARN_CONSTANT_CONVERSION = YES;
				CLANG_WARN_DEPRECATED_OBJC_IMPLEMENTATIONS = YES;
				CLANG_WARN_DIRECT_OBJC_ISA_USAGE = YES_ERROR;
				CLANG_WARN_DOCUMENTATION_COMMENTS = YES;
				CLANG_WARN_EMPTY_BODY = YES;
				CLANG_WARN_ENUM_CONVERSION = YES;
				CLANG_WARN_INFINITE_RECURSION = YES;
				CLANG_WARN_INT_CONVERSION = YES;
				CLANG_WARN_NON_LITERAL_NULL_CONVERSION = YES;
				CLANG_WARN_OBJC_IMPLICIT_RETAIN_SELF = YES;
				CLANG_WARN_OBJC_LITERAL_CONVERSION = YES;
				CLANG_WARN_OBJC_ROOT_CLASS = YES_ERROR;
				CLANG_WARN_QUOTED_INCLUDE_IN_FRAMEWORK_HEADER = YES;
				CLANG_WARN_RANGE_LOOP_ANALYSIS = YES;
				CLANG_WARN_STRICT_PROTOTYPES = YES;
				CLANG_WARN_SUSPICIOUS_MOVE = YES;
				CLANG_WARN_UNGUARDED_AVAILABILITY = YES_AGGRESSIVE;
				CLANG_WARN_UNREACHABLE_CODE = YES;
				CLANG_WARN__DUPLICATE_METHOD_MATCH = YES;
				COPY_PHASE_STRIP = NO;
				CURRENT_PROJECT_VERSION = 1;
				DEBUG_INFORMATION_FORMAT = "dwarf-with-dsym";
				ENABLE_NS_ASSERTIONS = NO;
				ENABLE_STRICT_OBJC_MSGSEND = YES;
				GCC_C_LANGUAGE_STANDARD = gnu11;
				GCC_NO_COMMON_BLOCKS = YES;
				GCC_WARN_64_TO_32_BIT_CONVERSION = YES;
				GCC_WARN_ABOUT_RETURN_TYPE = YES_ERROR;
				GCC_WARN_UNDECLARED_SELECTOR = YES;
				GCC_WARN_UNINITIALIZED_AUTOS = YES_AGGRESSIVE;
				GCC_WARN_UNUSED_FUNCTION = YES;
				GCC_WARN_UNUSED_VARIABLE = YES;
				IPHONEOS_DEPLOYMENT_TARGET = 13.0;
				MTL_ENABLE_DEBUG_INFO = NO;
				MTL_FAST_MATH = YES;
				SDKROOT = iphoneos;
				SWIFT_COMPILATION_MODE = wholemodule;
				SWIFT_OPTIMIZATION_LEVEL = "-O";
				VALIDATE_PRODUCT = YES;
				VERSIONING_SYSTEM = "apple-generic";
				VERSION_INFO_PREFIX = "";
			};
			name = Release;
		};
		9CEE727624AADBAD00F649EC /* Debug */ = {
			isa = XCBuildConfiguration;
			buildSettings = {
				CODE_SIGN_IDENTITY = "";
				"CODE_SIGN_IDENTITY[sdk=macosx*]" = "Apple Distribution";
				CODE_SIGN_STYLE = Manual;
				DEFINES_MODULE = YES;
				DEVELOPMENT_TEAM = "";
				DYLIB_COMPATIBILITY_VERSION = 1;
				DYLIB_CURRENT_VERSION = 1;
				DYLIB_INSTALL_NAME_BASE = "@rpath";
				INFOPLIST_FILE = ProModule/Info.plist;
				INSTALL_PATH = "$(LOCAL_LIBRARY_DIR)/Frameworks";
				IPHONEOS_DEPLOYMENT_TARGET = 13.0;
				LD_RUNPATH_SEARCH_PATHS = (
					"$(inherited)",
					"@executable_path/Frameworks",
					"@loader_path/Frameworks",
				);
				PRODUCT_BUNDLE_IDENTIFIER = com.soso.ProModule;
				PRODUCT_NAME = "$(TARGET_NAME:c99extidentifier)";
				PROVISIONING_PROFILE_SPECIFIER = "";
				SKIP_INSTALL = YES;
				SUPPORTS_MACCATALYST = NO;
				SWIFT_VERSION = 5.0;
				TARGETED_DEVICE_FAMILY = "1,2";
			};
			name = Debug;
		};
		9CEE727724AADBAD00F649EC /* Release */ = {
			isa = XCBuildConfiguration;
			buildSettings = {
				CODE_SIGN_IDENTITY = "";
				"CODE_SIGN_IDENTITY[sdk=macosx*]" = "Apple Distribution";
				CODE_SIGN_STYLE = Manual;
				DEFINES_MODULE = YES;
				DEVELOPMENT_TEAM = "";
				DYLIB_COMPATIBILITY_VERSION = 1;
				DYLIB_CURRENT_VERSION = 1;
				DYLIB_INSTALL_NAME_BASE = "@rpath";
				INFOPLIST_FILE = ProModule/Info.plist;
				INSTALL_PATH = "$(LOCAL_LIBRARY_DIR)/Frameworks";
				IPHONEOS_DEPLOYMENT_TARGET = 13.0;
				LD_RUNPATH_SEARCH_PATHS = (
					"$(inherited)",
					"@executable_path/Frameworks",
					"@loader_path/Frameworks",
				);
				PRODUCT_BUNDLE_IDENTIFIER = com.soso.ProModule;
				PRODUCT_NAME = "$(TARGET_NAME:c99extidentifier)";
				PROVISIONING_PROFILE_SPECIFIER = "";
				SKIP_INSTALL = YES;
				SUPPORTS_MACCATALYST = NO;
				SWIFT_VERSION = 5.0;
				TARGETED_DEVICE_FAMILY = "1,2";
			};
			name = Release;
		};
/* End XCBuildConfiguration section */

/* Begin XCConfigurationList section */
		9CEE726724AADBAD00F649EC /* Build configuration list for PBXProject "ProModule" */ = {
			isa = XCConfigurationList;
			buildConfigurations = (
				9CEE727324AADBAD00F649EC /* Debug */,
				9CEE727424AADBAD00F649EC /* Release */,
			);
			defaultConfigurationIsVisible = 0;
			defaultConfigurationName = Release;
		};
		9CEE727524AADBAD00F649EC /* Build configuration list for PBXNativeTarget "ProModule" */ = {
			isa = XCConfigurationList;
			buildConfigurations = (
				9CEE727624AADBAD00F649EC /* Debug */,
				9CEE727724AADBAD00F649EC /* Release */,
			);
			defaultConfigurationIsVisible = 0;
			defaultConfigurationName = Release;
		};
/* End XCConfigurationList section */

/* Begin XCRemoteSwiftPackageReference section */
		9C1D557224DADC0C0048BBDF /* XCRemoteSwiftPackageReference "URLNavigator" */ = {
			isa = XCRemoteSwiftPackageReference;
			repositoryURL = "https://github.com/devxoul/URLNavigator";
			requirement = {
				kind = upToNextMajorVersion;
				minimumVersion = 2.3.0;
			};
		};
		9C2AF74F2560ED35007F3FAE /* XCRemoteSwiftPackageReference "RxCoreLocation" */ = {
			isa = XCRemoteSwiftPackageReference;
			repositoryURL = "https://github.com/RxSwiftCommunity/RxCoreLocation";
			requirement = {
				kind = upToNextMajorVersion;
				minimumVersion = 1.5.0;
			};
		};
		9C2AF7532560F02F007F3FAE /* XCRemoteSwiftPackageReference "RxOptional" */ = {
			isa = XCRemoteSwiftPackageReference;
			repositoryURL = "https://github.com/RxSwiftCommunity/RxOptional";
			requirement = {
				kind = upToNextMajorVersion;
				minimumVersion = 4.1.0;
			};
		};
		9C39B5B124AF27BA0003D013 /* XCRemoteSwiftPackageReference "SwiftyColor" */ = {
			isa = XCRemoteSwiftPackageReference;
			repositoryURL = "https://github.com/devxoul/SwiftyColor";
			requirement = {
				kind = upToNextMajorVersion;
				minimumVersion = 1.2.1;
			};
		};
		9C39B5B424AF27E20003D013 /* XCRemoteSwiftPackageReference "ReactorKit" */ = {
			isa = XCRemoteSwiftPackageReference;
			repositoryURL = "https://github.com/ReactorKit/ReactorKit";
			requirement = {
				kind = revision;
				revision = 17c33781d2f1285ef3a8b562dc40a1438e8d3df8;
			};
		};
		9C59C2F524B190E700402BC5 /* XCRemoteSwiftPackageReference "RxDataSources" */ = {
			isa = XCRemoteSwiftPackageReference;
			repositoryURL = "https://github.com/RxSwiftCommunity/RxDataSources";
			requirement = {
				kind = upToNextMajorVersion;
				minimumVersion = 4.0.1;
			};
		};
		9C697D3224ED247E00ABCC7C /* XCRemoteSwiftPackageReference "CocoaLumberjack" */ = {
			isa = XCRemoteSwiftPackageReference;
			repositoryURL = "https://github.com/CocoaLumberjack/CocoaLumberjack";
			requirement = {
				kind = upToNextMajorVersion;
				minimumVersion = 3.6.2;
			};
		};
		9C697D4924ED4D4500ABCC7C /* XCRemoteSwiftPackageReference "RxKingfisher" */ = {
			isa = XCRemoteSwiftPackageReference;
			repositoryURL = "https://github.com/yanniks/RxKingfisher";
			requirement = {
				kind = revision;
				revision = 27548d2102b5a04373a98c954089cd8291fcdc7f;
			};
		};
		9C7AD85924C020FA00AAEBB0 /* XCRemoteSwiftPackageReference "Moya" */ = {
			isa = XCRemoteSwiftPackageReference;
			repositoryURL = "https://github.com/Moya/Moya";
			requirement = {
				kind = upToNextMajorVersion;
				minimumVersion = 14.0.0;
			};
		};
		9C7AD85E24C0212A00AAEBB0 /* XCRemoteSwiftPackageReference "MoyaSugar" */ = {
			isa = XCRemoteSwiftPackageReference;
			repositoryURL = "https://github.com/devxoul/MoyaSugar";
			requirement = {
				kind = upToNextMajorVersion;
				minimumVersion = 1.3.3;
			};
		};
		9CA2CBC124E8C81D00AE5322 /* XCRemoteSwiftPackageReference "PanModal" */ = {
			isa = XCRemoteSwiftPackageReference;
			repositoryURL = "https://github.com/slackhq/PanModal";
			requirement = {
				kind = upToNextMajorVersion;
				minimumVersion = 1.2.7;
			};
		};
		9CB525A324B05D15005CEFEA /* XCRemoteSwiftPackageReference "RxViewController" */ = {
			isa = XCRemoteSwiftPackageReference;
			repositoryURL = "https://github.com/devxoul/RxViewController";
			requirement = {
				kind = upToNextMajorVersion;
				minimumVersion = 1.0.0;
			};
		};
		9CBCE9F4256A6E9B00308C64 /* XCRemoteSwiftPackageReference "Reusable" */ = {
			isa = XCRemoteSwiftPackageReference;
			repositoryURL = "https://github.com/AliSoftware/Reusable";
			requirement = {
				kind = upToNextMajorVersion;
				minimumVersion = 4.1.1;
			};
		};
		9CE1D29F257C673A00C70E5B /* XCRemoteSwiftPackageReference "Cosmos" */ = {
			isa = XCRemoteSwiftPackageReference;
			repositoryURL = "https://github.com/evgenyneu/Cosmos";
			requirement = {
				kind = upToNextMajorVersion;
				minimumVersion = 23.0.0;
			};
		};
		9CEE727824AADBEC00F649EC /* XCRemoteSwiftPackageReference "SnapKit" */ = {
			isa = XCRemoteSwiftPackageReference;
			repositoryURL = "https://github.com/SnapKit/SnapKit";
			requirement = {
				kind = upToNextMajorVersion;
				minimumVersion = 5.0.1;
			};
		};
		9CEE728024AADC8D00F649EC /* XCRemoteSwiftPackageReference "Then" */ = {
			isa = XCRemoteSwiftPackageReference;
			repositoryURL = "https://github.com/devxoul/Then";
			requirement = {
				kind = upToNextMajorVersion;
				minimumVersion = 2.7.0;
			};
		};
		9CEE728324AADD1600F649EC /* XCRemoteSwiftPackageReference "RIBs" */ = {
			isa = XCRemoteSwiftPackageReference;
			repositoryURL = "https://github.com/uber/RIBs";
			requirement = {
				branch = master;
				kind = branch;
			};
		};
		9CF439EE24E6BD510029D6FA /* XCRemoteSwiftPackageReference "RxKeyboard" */ = {
			isa = XCRemoteSwiftPackageReference;
			repositoryURL = "https://github.com/RxSwiftCommunity/RxKeyboard";
			requirement = {
				kind = upToNextMajorVersion;
				minimumVersion = 1.0.0;
			};
		};
		9CFDA61824B4166C00097BF0 /* XCRemoteSwiftPackageReference "RxGesture" */ = {
			isa = XCRemoteSwiftPackageReference;
			repositoryURL = "https://github.com/RxSwiftCommunity/RxGesture";
			requirement = {
				kind = upToNextMajorVersion;
				minimumVersion = 3.0.3;
			};
		};
/* End XCRemoteSwiftPackageReference section */

/* Begin XCSwiftPackageProductDependency section */
		9C1D557324DADC0C0048BBDF /* URLNavigator */ = {
			isa = XCSwiftPackageProductDependency;
			package = 9C1D557224DADC0C0048BBDF /* XCRemoteSwiftPackageReference "URLNavigator" */;
			productName = URLNavigator;
		};
		9C2AF7502560ED35007F3FAE /* RxCoreLocation */ = {
			isa = XCSwiftPackageProductDependency;
			package = 9C2AF74F2560ED35007F3FAE /* XCRemoteSwiftPackageReference "RxCoreLocation" */;
			productName = RxCoreLocation;
		};
		9C2AF7542560F02F007F3FAE /* RxOptional */ = {
			isa = XCSwiftPackageProductDependency;
			package = 9C2AF7532560F02F007F3FAE /* XCRemoteSwiftPackageReference "RxOptional" */;
			productName = RxOptional;
		};
		9C39B5B224AF27BA0003D013 /* SwiftyColor */ = {
			isa = XCSwiftPackageProductDependency;
			package = 9C39B5B124AF27BA0003D013 /* XCRemoteSwiftPackageReference "SwiftyColor" */;
			productName = SwiftyColor;
		};
		9C39B5B524AF27E20003D013 /* ReactorKit */ = {
			isa = XCSwiftPackageProductDependency;
			package = 9C39B5B424AF27E20003D013 /* XCRemoteSwiftPackageReference "ReactorKit" */;
			productName = ReactorKit;
		};
		9C59C2F624B190E700402BC5 /* Differentiator */ = {
			isa = XCSwiftPackageProductDependency;
			package = 9C59C2F524B190E700402BC5 /* XCRemoteSwiftPackageReference "RxDataSources" */;
			productName = Differentiator;
		};
		9C59C2F824B190E700402BC5 /* RxDataSources */ = {
			isa = XCSwiftPackageProductDependency;
			package = 9C59C2F524B190E700402BC5 /* XCRemoteSwiftPackageReference "RxDataSources" */;
			productName = RxDataSources;
		};
		9C697D3324ED247E00ABCC7C /* CocoaLumberjackSwift */ = {
			isa = XCSwiftPackageProductDependency;
			package = 9C697D3224ED247E00ABCC7C /* XCRemoteSwiftPackageReference "CocoaLumberjack" */;
			productName = CocoaLumberjackSwift;
		};
		9C697D3524ED247E00ABCC7C /* CocoaLumberjack */ = {
			isa = XCSwiftPackageProductDependency;
			package = 9C697D3224ED247E00ABCC7C /* XCRemoteSwiftPackageReference "CocoaLumberjack" */;
			productName = CocoaLumberjack;
		};
		9C697D4A24ED4D4500ABCC7C /* RxKingfisher */ = {
			isa = XCSwiftPackageProductDependency;
			package = 9C697D4924ED4D4500ABCC7C /* XCRemoteSwiftPackageReference "RxKingfisher" */;
			productName = RxKingfisher;
		};
		9C7AD85A24C020FA00AAEBB0 /* Moya */ = {
			isa = XCSwiftPackageProductDependency;
			package = 9C7AD85924C020FA00AAEBB0 /* XCRemoteSwiftPackageReference "Moya" */;
			productName = Moya;
		};
		9C7AD85C24C020FA00AAEBB0 /* RxMoya */ = {
			isa = XCSwiftPackageProductDependency;
			package = 9C7AD85924C020FA00AAEBB0 /* XCRemoteSwiftPackageReference "Moya" */;
			productName = RxMoya;
		};
		9C7AD85F24C0212A00AAEBB0 /* MoyaSugar */ = {
			isa = XCSwiftPackageProductDependency;
			package = 9C7AD85E24C0212A00AAEBB0 /* XCRemoteSwiftPackageReference "MoyaSugar" */;
			productName = MoyaSugar;
		};
		9CA2CBC224E8C81D00AE5322 /* PanModal */ = {
			isa = XCSwiftPackageProductDependency;
			package = 9CA2CBC124E8C81D00AE5322 /* XCRemoteSwiftPackageReference "PanModal" */;
			productName = PanModal;
		};
		9CB525A424B05D15005CEFEA /* RxViewController */ = {
			isa = XCSwiftPackageProductDependency;
			package = 9CB525A324B05D15005CEFEA /* XCRemoteSwiftPackageReference "RxViewController" */;
			productName = RxViewController;
		};
		9CBCE9F5256A6E9B00308C64 /* Reusable */ = {
			isa = XCSwiftPackageProductDependency;
			package = 9CBCE9F4256A6E9B00308C64 /* XCRemoteSwiftPackageReference "Reusable" */;
			productName = Reusable;
		};
		9CE1D2A0257C673A00C70E5B /* Cosmos */ = {
			isa = XCSwiftPackageProductDependency;
			package = 9CE1D29F257C673A00C70E5B /* XCRemoteSwiftPackageReference "Cosmos" */;
			productName = Cosmos;
		};
		9CEE727924AADBEC00F649EC /* SnapKit */ = {
			isa = XCSwiftPackageProductDependency;
			package = 9CEE727824AADBEC00F649EC /* XCRemoteSwiftPackageReference "SnapKit" */;
			productName = SnapKit;
		};
		9CEE728124AADC8D00F649EC /* Then */ = {
			isa = XCSwiftPackageProductDependency;
			package = 9CEE728024AADC8D00F649EC /* XCRemoteSwiftPackageReference "Then" */;
			productName = Then;
		};
		9CEE728424AADD1600F649EC /* RIBs */ = {
			isa = XCSwiftPackageProductDependency;
			package = 9CEE728324AADD1600F649EC /* XCRemoteSwiftPackageReference "RIBs" */;
			productName = RIBs;
		};
		9CF439EF24E6BD510029D6FA /* RxKeyboard */ = {
			isa = XCSwiftPackageProductDependency;
			package = 9CF439EE24E6BD510029D6FA /* XCRemoteSwiftPackageReference "RxKeyboard" */;
			productName = RxKeyboard;
		};
		9CFDA61924B4166C00097BF0 /* RxGesture */ = {
			isa = XCSwiftPackageProductDependency;
			package = 9CFDA61824B4166C00097BF0 /* XCRemoteSwiftPackageReference "RxGesture" */;
			productName = RxGesture;
		};
/* End XCSwiftPackageProductDependency section */
	};
	rootObject = 9CEE726424AADBAD00F649EC /* Project object */;
}
